
Microsoft Visual Studio Solution File, Format Version 12.00
# Visual Studio Version 17
VisualStudioVersion = 17.10.35027.167
MinimumVisualStudioVersion = 10.0.40219.1
Project("{8BC9CEB8-8B4A-11D0-8D11-00A0C91BC942}") = "RemoteCtrl", "RemoteCtrl\RemoteCtrl.vcxproj", "{6580645A-B009-45E1-880F-C08F32E24E9E}"
EndProject
Project("{8BC9CEB8-8B4A-11D0-8D11-00A0C91BC942}") = "RemoteClient", "RemoteClient\RemoteClient.vcxproj", "{46F430FD-46FE-4364-A4A6-25EE79E214DF}"
EndProject
Global
	GlobalSection(SolutionConfigurationPlatforms) = preSolution
		Debug|x64 = Debug|x64
		Debug|x86 = Debug|x86
		Release|x64 = Release|x64
		Release|x86 = Release|x86
	EndGlobalSection
	GlobalSection(ProjectConfigurationPlatforms) = postSolution
		{6580645A-B009-45E1-880F-C08F32E24E9E}.Debug|x64.ActiveCfg = Debug|x64
		{6580645A-B009-45E1-880F-C08F32E24E9E}.Debug|x64.Build.0 = Debug|x64
		{6580645A-B009-45E1-880F-C08F32E24E9E}.Debug|x86.ActiveCfg = Debug|Win32
		{6580645A-B009-45E1-880F-C08F32E24E9E}.Debug|x86.Build.0 = Debug|Win32
		{6580645A-B009-45E1-880F-C08F32E24E9E}.Release|x64.ActiveCfg = Release|x64
		{6580645A-B009-45E1-880F-C08F32E24E9E}.Release|x64.Build.0 = Release|x64
		{6580645A-B009-45E1-880F-C08F32E24E9E}.Release|x86.ActiveCfg = Release|Win32
		{6580645A-B009-45E1-880F-C08F32E24E9E}.Release|x86.Build.0 = Release|Win32
		{46F430FD-46FE-4364-A4A6-25EE79E214DF}.Debug|x64.ActiveCfg = Debug|x64
		{46F430FD-46FE-4364-A4A6-25EE79E214DF}.Debug|x64.Build.0 = Debug|x64
		{46F430FD-46FE-4364-A4A6-25EE79E214DF}.Debug|x86.ActiveCfg = Debug|Win32
		{46F430FD-46FE-4364-A4A6-25EE79E214DF}.Debug|x86.Build.0 = Debug|Win32
		{46F430FD-46FE-4364-A4A6-25EE79E214DF}.Release|x64.ActiveCfg = Release|x64
		{46F430FD-46FE-4364-A4A6-25EE79E214DF}.Release|x64.Build.0 = Release|x64
		{46F430FD-46FE-4364-A4A6-25EE79E214DF}.Release|x86.ActiveCfg = Release|Win32
		{46F430FD-46FE-4364-A4A6-25EE79E214DF}.Release|x86.Build.0 = Release|Win32
	EndGlobalSection
	GlobalSection(SolutionProperties) = preSolution
		HideSolutionNode = FALSE
	EndGlobalSection
	GlobalSection(ExtensibilityGlobals) = postSolution
		SolutionGuid = {6E4C6CC4-30F3-4496-85D3-45A33794D466}
	EndGlobalSection
EndGlobal
